
Microsoft Visual Studio Solution File, Format Version 12.00
# Visual Studio Version 17
VisualStudioVersion = 17.8.34316.72
MinimumVisualStudioVersion = 10.0.40219.1
Project("{FAE04EC0-301F-11D3-BF4B-00C04F79EFBC}") = "TestReportGraph", "TestReportGraph\TestReportGraph.csproj", "{675BA56A-82EA-4537-8309-D64609A7DEA1}"
EndProject
Global
	GlobalSection(SolutionConfigurationPlatforms) = preSolution
		Debug|Any CPU = Debug|Any CPU
		Release|Any CPU = Release|Any CPU
	EndGlobalSection
	GlobalSection(ProjectConfigurationPlatforms) = postSolution
		{675BA56A-82EA-4537-8309-D64609A7DEA1}.Debug|Any CPU.ActiveCfg = Debug|Any CPU
		{675BA56A-82EA-4537-8309-D64609A7DEA1}.Debug|Any CPU.Build.0 = Debug|Any CPU
		{675BA56A-82EA-4537-8309-D64609A7DEA1}.Release|Any CPU.ActiveCfg = Release|Any CPU
		{675BA56A-82EA-4537-8309-D64609A7DEA1}.Release|Any CPU.Build.0 = Release|Any CPU
	EndGlobalSection
	GlobalSection(SolutionProperties) = preSolution
		HideSolutionNode = FALSE
	EndGlobalSection
	GlobalSection(ExtensibilityGlobals) = postSolution
		SolutionGuid = {A5D2CF61-E837-4177-9B87-56D3F7653DC8}
	EndGlobalSection
EndGlobal
